// !$*UTF8*$!
{
	archiveVersion = 1;
	classes = {
	};
	objectVersion = 55;
	objects = {

/* Begin PBXBuildFile section */
		2A157B1828FFEA6A00236AEF /* SwiftyJSON in Frameworks */ = {isa = PBXBuildFile; productRef = 2A157B1728FFEA6A00236AEF /* SwiftyJSON */; };
		2A2602002906D46600A0ACF2 /* CourseCatsModel.swift in Sources */ = {isa = PBXBuildFile; fileRef = 2A2601FF2906D46600A0ACF2 /* CourseCatsModel.swift */; };
		2A2602022906D66100A0ACF2 /* CoursesCatViewModel.swift in Sources */ = {isa = PBXBuildFile; fileRef = 2A2602012906D66100A0ACF2 /* CoursesCatViewModel.swift */; };
		2A2602042906E0A800A0ACF2 /* CoursesModel.swift in Sources */ = {isa = PBXBuildFile; fileRef = 2A2602032906E0A800A0ACF2 /* CoursesModel.swift */; };
		2A2602062906E10B00A0ACF2 /* CoursesViewModel.swift in Sources */ = {isa = PBXBuildFile; fileRef = 2A2602052906E10B00A0ACF2 /* CoursesViewModel.swift */; };
		2A28ABC3290524CF00D0FA1F /* CacheStorage.swift in Sources */ = {isa = PBXBuildFile; fileRef = 2A28ABC2290524CF00D0FA1F /* CacheStorage.swift */; };
		2A39A5CB2908019400C4C9DE /* DetailModel.swift in Sources */ = {isa = PBXBuildFile; fileRef = 2A39A5CA2908019400C4C9DE /* DetailModel.swift */; };
		2A39A5CD290801CD00C4C9DE /* DetailsViewModel.swift in Sources */ = {isa = PBXBuildFile; fileRef = 2A39A5CC290801CD00C4C9DE /* DetailsViewModel.swift */; };
		2A59B8B828F7EEFC00A5C474 /* InstutitAppApp.swift in Sources */ = {isa = PBXBuildFile; fileRef = 2A59B8B728F7EEFC00A5C474 /* InstutitAppApp.swift */; };
		2A59B8BA28F7EEFC00A5C474 /* ContentView.swift in Sources */ = {isa = PBXBuildFile; fileRef = 2A59B8B928F7EEFC00A5C474 /* ContentView.swift */; };
		2A59B8BC28F7EEFE00A5C474 /* Assets.xcassets in Resources */ = {isa = PBXBuildFile; fileRef = 2A59B8BB28F7EEFE00A5C474 /* Assets.xcassets */; };
		2A59B8BF28F7EEFE00A5C474 /* Preview Assets.xcassets in Resources */ = {isa = PBXBuildFile; fileRef = 2A59B8BE28F7EEFE00A5C474 /* Preview Assets.xcassets */; };
		2A59B8C928F7EEFE00A5C474 /* InstutitAppTests.swift in Sources */ = {isa = PBXBuildFile; fileRef = 2A59B8C828F7EEFE00A5C474 /* InstutitAppTests.swift */; };
		2A59B8D328F7EEFE00A5C474 /* InstutitAppUITests.swift in Sources */ = {isa = PBXBuildFile; fileRef = 2A59B8D228F7EEFE00A5C474 /* InstutitAppUITests.swift */; };
		2A59B8D528F7EEFE00A5C474 /* InstutitAppUITestsLaunchTests.swift in Sources */ = {isa = PBXBuildFile; fileRef = 2A59B8D428F7EEFE00A5C474 /* InstutitAppUITestsLaunchTests.swift */; };
		2A59B8E328F7EF5500A5C474 /* Home.swift in Sources */ = {isa = PBXBuildFile; fileRef = 2A59B8E228F7EF5500A5C474 /* Home.swift */; };
		2A59B8E528F7EF8D00A5C474 /* About.swift in Sources */ = {isa = PBXBuildFile; fileRef = 2A59B8E428F7EF8D00A5C474 /* About.swift */; };
		2A59B8E828F7EFB400A5C474 /* Main.swift in Sources */ = {isa = PBXBuildFile; fileRef = 2A59B8E728F7EFB400A5C474 /* Main.swift */; };
		2A59B8EA28F7FE7500A5C474 /* Love.swift in Sources */ = {isa = PBXBuildFile; fileRef = 2A59B8E928F7FE7400A5C474 /* Love.swift */; };
		2A59B8ED28F80F9700A5C474 /* ScrollViewComponent.swift in Sources */ = {isa = PBXBuildFile; fileRef = 2A59B8EC28F80F9700A5C474 /* ScrollViewComponent.swift */; };
		2A59B8F028F8109B00A5C474 /* ScrollViewModel.swift in Sources */ = {isa = PBXBuildFile; fileRef = 2A59B8EF28F8109B00A5C474 /* ScrollViewModel.swift */; };
		2A59B8F228F8120300A5C474 /* FooterView.swift in Sources */ = {isa = PBXBuildFile; fileRef = 2A59B8F128F8120300A5C474 /* FooterView.swift */; };
		2A59B8F428F8126500A5C474 /* TabViewComponent.swift in Sources */ = {isa = PBXBuildFile; fileRef = 2A59B8F328F8126500A5C474 /* TabViewComponent.swift */; };
		2A59B8F628F8138E00A5C474 /* SliderModel.swift in Sources */ = {isa = PBXBuildFile; fileRef = 2A59B8F528F8138E00A5C474 /* SliderModel.swift */; };
		2A83CBC329013490009E624E /* Alamofire in Frameworks */ = {isa = PBXBuildFile; productRef = 2A83CBC229013490009E624E /* Alamofire */; };
		2A83CBC529014F3F009E624E /* CustomImageView.swift in Sources */ = {isa = PBXBuildFile; fileRef = 2A83CBC429014F3F009E624E /* CustomImageView.swift */; };
		2A8A735028FEC8CE00656D0D /* SliderViewModel.swift in Sources */ = {isa = PBXBuildFile; fileRef = 2A8A734F28FEC8CE00656D0D /* SliderViewModel.swift */; };
		2A8A8B1328FA89C0005A3176 /* DetailView.swift in Sources */ = {isa = PBXBuildFile; fileRef = 2A8A8B1228FA89C0005A3176 /* DetailView.swift */; };
		2A8A8B1528FAABA3005A3176 /* CustomTabBarView.swift in Sources */ = {isa = PBXBuildFile; fileRef = 2A8A8B1428FAABA2005A3176 /* CustomTabBarView.swift */; };
		2A8C51ED28FEE96800795404 /* SwiftyJSON in Frameworks */ = {isa = PBXBuildFile; productRef = 2A8C51EC28FEE96800795404 /* SwiftyJSON */; };
		2A90C81F2906870C0015D143 /* PhotoViewModelFileManager.swift in Sources */ = {isa = PBXBuildFile; fileRef = 2A90C81E2906870C0015D143 /* PhotoViewModelFileManager.swift */; };
		2A90C8212906875B0015D143 /* ImageView.swift in Sources */ = {isa = PBXBuildFile; fileRef = 2A90C8202906875B0015D143 /* ImageView.swift */; };
		2A90C8232906879E0015D143 /* ImageViewModel.swift in Sources */ = {isa = PBXBuildFile; fileRef = 2A90C8222906879E0015D143 /* ImageViewModel.swift */; };
		2A90C8252906A5480015D143 /* PhotoCacheModelView.swift in Sources */ = {isa = PBXBuildFile; fileRef = 2A90C8242906A5480015D143 /* PhotoCacheModelView.swift */; };
		2AD7511D28F826A70066C517 /* CourseView.swift in Sources */ = {isa = PBXBuildFile; fileRef = 2AD7511C28F826A70066C517 /* CourseView.swift */; };
		2AD7511F28F8292B0066C517 /* CoursesView.swift in Sources */ = {isa = PBXBuildFile; fileRef = 2AD7511E28F8292B0066C517 /* CoursesView.swift */; };
/* End PBXBuildFile section */

/* Begin PBXContainerItemProxy section */
		2A59B8C528F7EEFE00A5C474 /* PBXContainerItemProxy */ = {
			isa = PBXContainerItemProxy;
			containerPortal = 2A59B8AC28F7EEFB00A5C474 /* Project object */;
			proxyType = 1;
			remoteGlobalIDString = 2A59B8B328F7EEFC00A5C474;
			remoteInfo = InstutitApp;
		};
		2A59B8CF28F7EEFE00A5C474 /* PBXContainerItemProxy */ = {
			isa = PBXContainerItemProxy;
			containerPortal = 2A59B8AC28F7EEFB00A5C474 /* Project object */;
			proxyType = 1;
			remoteGlobalIDString = 2A59B8B328F7EEFC00A5C474;
			remoteInfo = InstutitApp;
		};
/* End PBXContainerItemProxy section */

/* Begin PBXFileReference section */
		2A2601FF2906D46600A0ACF2 /* CourseCatsModel.swift */ = {isa = PBXFileReference; lastKnownFileType = sourcecode.swift; path = CourseCatsModel.swift; sourceTree = "<group>"; };
		2A2602012906D66100A0ACF2 /* CoursesCatViewModel.swift */ = {isa = PBXFileReference; lastKnownFileType = sourcecode.swift; path = CoursesCatViewModel.swift; sourceTree = "<group>"; };
		2A2602032906E0A800A0ACF2 /* CoursesModel.swift */ = {isa = PBXFileReference; lastKnownFileType = sourcecode.swift; path = CoursesModel.swift; sourceTree = "<group>"; };
		2A2602052906E10B00A0ACF2 /* CoursesViewModel.swift */ = {isa = PBXFileReference; lastKnownFileType = sourcecode.swift; path = CoursesViewModel.swift; sourceTree = "<group>"; };
		2A28ABC2290524CF00D0FA1F /* CacheStorage.swift */ = {isa = PBXFileReference; lastKnownFileType = sourcecode.swift; path = CacheStorage.swift; sourceTree = "<group>"; };
		2A39A5C52907CDBC00C4C9DE /* change.ttf */ = {isa = PBXFileReference; lastKnownFileType = file; path = change.ttf; sourceTree = "<group>"; };
		2A39A5C72907D5D800C4C9DE /* Cairo-Light.ttf */ = {isa = PBXFileReference; lastKnownFileType = file; path = "Cairo-Light.ttf"; sourceTree = "<group>"; };
		2A39A5C82907D5D800C4C9DE /* Cairo-Regular.ttf */ = {isa = PBXFileReference; lastKnownFileType = file; path = "Cairo-Regular.ttf"; sourceTree = "<group>"; };
		2A39A5C92907D5D800C4C9DE /* Cairo-Bold.ttf */ = {isa = PBXFileReference; lastKnownFileType = file; path = "Cairo-Bold.ttf"; sourceTree = "<group>"; };
		2A39A5CA2908019400C4C9DE /* DetailModel.swift */ = {isa = PBXFileReference; lastKnownFileType = sourcecode.swift; path = DetailModel.swift; sourceTree = "<group>"; };
		2A39A5CC290801CD00C4C9DE /* DetailsViewModel.swift */ = {isa = PBXFileReference; lastKnownFileType = sourcecode.swift; path = DetailsViewModel.swift; sourceTree = "<group>"; };
		2A59B8B428F7EEFC00A5C474 /* InstutitApp.app */ = {isa = PBXFileReference; explicitFileType = wrapper.application; includeInIndex = 0; path = InstutitApp.app; sourceTree = BUILT_PRODUCTS_DIR; };
		2A59B8B728F7EEFC00A5C474 /* InstutitAppApp.swift */ = {isa = PBXFileReference; lastKnownFileType = sourcecode.swift; path = InstutitAppApp.swift; sourceTree = "<group>"; };
		2A59B8B928F7EEFC00A5C474 /* ContentView.swift */ = {isa = PBXFileReference; lastKnownFileType = sourcecode.swift; path = ContentView.swift; sourceTree = "<group>"; };
		2A59B8BB28F7EEFE00A5C474 /* Assets.xcassets */ = {isa = PBXFileReference; lastKnownFileType = folder.assetcatalog; path = Assets.xcassets; sourceTree = "<group>"; };
		2A59B8BE28F7EEFE00A5C474 /* Preview Assets.xcassets */ = {isa = PBXFileReference; lastKnownFileType = folder.assetcatalog; path = "Preview Assets.xcassets"; sourceTree = "<group>"; };
		2A59B8C428F7EEFE00A5C474 /* InstutitAppTests.xctest */ = {isa = PBXFileReference; explicitFileType = wrapper.cfbundle; includeInIndex = 0; path = InstutitAppTests.xctest; sourceTree = BUILT_PRODUCTS_DIR; };
		2A59B8C828F7EEFE00A5C474 /* InstutitAppTests.swift */ = {isa = PBXFileReference; lastKnownFileType = sourcecode.swift; path = InstutitAppTests.swift; sourceTree = "<group>"; };
		2A59B8CE28F7EEFE00A5C474 /* InstutitAppUITests.xctest */ = {isa = PBXFileReference; explicitFileType = wrapper.cfbundle; includeInIndex = 0; path = InstutitAppUITests.xctest; sourceTree = BUILT_PRODUCTS_DIR; };
		2A59B8D228F7EEFE00A5C474 /* InstutitAppUITests.swift */ = {isa = PBXFileReference; lastKnownFileType = sourcecode.swift; path = InstutitAppUITests.swift; sourceTree = "<group>"; };
		2A59B8D428F7EEFE00A5C474 /* InstutitAppUITestsLaunchTests.swift */ = {isa = PBXFileReference; lastKnownFileType = sourcecode.swift; path = InstutitAppUITestsLaunchTests.swift; sourceTree = "<group>"; };
		2A59B8E228F7EF5500A5C474 /* Home.swift */ = {isa = PBXFileReference; lastKnownFileType = sourcecode.swift; path = Home.swift; sourceTree = "<group>"; };
		2A59B8E428F7EF8D00A5C474 /* About.swift */ = {isa = PBXFileReference; lastKnownFileType = sourcecode.swift; path = About.swift; sourceTree = "<group>"; };
		2A59B8E728F7EFB400A5C474 /* Main.swift */ = {isa = PBXFileReference; lastKnownFileType = sourcecode.swift; path = Main.swift; sourceTree = "<group>"; };
		2A59B8E928F7FE7400A5C474 /* Love.swift */ = {isa = PBXFileReference; lastKnownFileType = sourcecode.swift; path = Love.swift; sourceTree = "<group>"; };
		2A59B8EC28F80F9700A5C474 /* ScrollViewComponent.swift */ = {isa = PBXFileReference; lastKnownFileType = sourcecode.swift; path = ScrollViewComponent.swift; sourceTree = "<group>"; };
		2A59B8EF28F8109B00A5C474 /* ScrollViewModel.swift */ = {isa = PBXFileReference; lastKnownFileType = sourcecode.swift; path = ScrollViewModel.swift; sourceTree = "<group>"; };
		2A59B8F128F8120300A5C474 /* FooterView.swift */ = {isa = PBXFileReference; lastKnownFileType = sourcecode.swift; path = FooterView.swift; sourceTree = "<group>"; };
		2A59B8F328F8126500A5C474 /* TabViewComponent.swift */ = {isa = PBXFileReference; lastKnownFileType = sourcecode.swift; path = TabViewComponent.swift; sourceTree = "<group>"; };
		2A59B8F528F8138E00A5C474 /* SliderModel.swift */ = {isa = PBXFileReference; lastKnownFileType = sourcecode.swift; path = SliderModel.swift; sourceTree = "<group>"; };
		2A83CBC429014F3F009E624E /* CustomImageView.swift */ = {isa = PBXFileReference; lastKnownFileType = sourcecode.swift; path = CustomImageView.swift; sourceTree = "<group>"; };
		2A8A734F28FEC8CE00656D0D /* SliderViewModel.swift */ = {isa = PBXFileReference; lastKnownFileType = sourcecode.swift; path = SliderViewModel.swift; sourceTree = "<group>"; };
		2A8A8B1228FA89C0005A3176 /* DetailView.swift */ = {isa = PBXFileReference; lastKnownFileType = sourcecode.swift; path = DetailView.swift; sourceTree = "<group>"; };
		2A8A8B1428FAABA2005A3176 /* CustomTabBarView.swift */ = {isa = PBXFileReference; lastKnownFileType = sourcecode.swift; path = CustomTabBarView.swift; sourceTree = "<group>"; };
		2A8C51EE28FEF0FC00795404 /* Info.plist */ = {isa = PBXFileReference; lastKnownFileType = text.plist; path = Info.plist; sourceTree = "<group>"; };
		2A90C81E2906870C0015D143 /* PhotoViewModelFileManager.swift */ = {isa = PBXFileReference; lastKnownFileType = sourcecode.swift; path = PhotoViewModelFileManager.swift; sourceTree = "<group>"; };
		2A90C8202906875B0015D143 /* ImageView.swift */ = {isa = PBXFileReference; lastKnownFileType = sourcecode.swift; path = ImageView.swift; sourceTree = "<group>"; };
		2A90C8222906879E0015D143 /* ImageViewModel.swift */ = {isa = PBXFileReference; lastKnownFileType = sourcecode.swift; path = ImageViewModel.swift; sourceTree = "<group>"; };
		2A90C8242906A5480015D143 /* PhotoCacheModelView.swift */ = {isa = PBXFileReference; lastKnownFileType = sourcecode.swift; path = PhotoCacheModelView.swift; sourceTree = "<group>"; };
		2AD7511C28F826A70066C517 /* CourseView.swift */ = {isa = PBXFileReference; lastKnownFileType = sourcecode.swift; path = CourseView.swift; sourceTree = "<group>"; };
		2AD7511E28F8292B0066C517 /* CoursesView.swift */ = {isa = PBXFileReference; lastKnownFileType = sourcecode.swift; path = CoursesView.swift; sourceTree = "<group>"; };
/* End PBXFileReference section */

/* Begin PBXFrameworksBuildPhase section */
		2A59B8B128F7EEFC00A5C474 /* Frameworks */ = {
			isa = PBXFrameworksBuildPhase;
			buildActionMask = 2147483647;
			files = (
				2A83CBC329013490009E624E /* Alamofire in Frameworks */,
				2A157B1828FFEA6A00236AEF /* SwiftyJSON in Frameworks */,
				2A8C51ED28FEE96800795404 /* SwiftyJSON in Frameworks */,
			);
			runOnlyForDeploymentPostprocessing = 0;
		};
		2A59B8C128F7EEFE00A5C474 /* Frameworks */ = {
			isa = PBXFrameworksBuildPhase;
			buildActionMask = 2147483647;
			files = (
			);
			runOnlyForDeploymentPostprocessing = 0;
		};
		2A59B8CB28F7EEFE00A5C474 /* Frameworks */ = {
			isa = PBXFrameworksBuildPhase;
			buildActionMask = 2147483647;
			files = (
			);
			runOnlyForDeploymentPostprocessing = 0;
		};
/* End PBXFrameworksBuildPhase section */

/* Begin PBXGroup section */
		2A28ABC1290524AF00D0FA1F /* Utalities */ = {
			isa = PBXGroup;
			children = (
				2A28ABC2290524CF00D0FA1F /* CacheStorage.swift */,
				2A90C81E2906870C0015D143 /* PhotoViewModelFileManager.swift */,
				2A90C8242906A5480015D143 /* PhotoCacheModelView.swift */,
			);
			path = Utalities;
			sourceTree = "<group>";
		};
		2A39A5C62907D5B900C4C9DE /* Fonts */ = {
			isa = PBXGroup;
			children = (
				2A39A5C92907D5D800C4C9DE /* Cairo-Bold.ttf */,
				2A39A5C72907D5D800C4C9DE /* Cairo-Light.ttf */,
				2A39A5C82907D5D800C4C9DE /* Cairo-Regular.ttf */,
				2A39A5C52907CDBC00C4C9DE /* change.ttf */,
			);
			path = Fonts;
			sourceTree = "<group>";
		};
		2A59B8AB28F7EEFB00A5C474 = {
			isa = PBXGroup;
			children = (
				2A59B8B628F7EEFC00A5C474 /* InstutitApp */,
				2A59B8C728F7EEFE00A5C474 /* InstutitAppTests */,
				2A59B8D128F7EEFE00A5C474 /* InstutitAppUITests */,
				2A59B8B528F7EEFC00A5C474 /* Products */,
			);
			sourceTree = "<group>";
		};
		2A59B8B528F7EEFC00A5C474 /* Products */ = {
			isa = PBXGroup;
			children = (
				2A59B8B428F7EEFC00A5C474 /* InstutitApp.app */,
				2A59B8C428F7EEFE00A5C474 /* InstutitAppTests.xctest */,
				2A59B8CE28F7EEFE00A5C474 /* InstutitAppUITests.xctest */,
			);
			name = Products;
			sourceTree = "<group>";
		};
		2A59B8B628F7EEFC00A5C474 /* InstutitApp */ = {
			isa = PBXGroup;
			children = (
				2A39A5C62907D5B900C4C9DE /* Fonts */,
				2A28ABC1290524AF00D0FA1F /* Utalities */,
				2A8C51EE28FEF0FC00795404 /* Info.plist */,
				2A8A734E28FEC8A900656D0D /* ViewModel */,
				2A59B8EE28F8108200A5C474 /* Model */,
				2A59B8EB28F80F7800A5C474 /* ComponentView */,
				2A59B8E128F7EF3300A5C474 /* View */,
				2A59B8B728F7EEFC00A5C474 /* InstutitAppApp.swift */,
				2A59B8BB28F7EEFE00A5C474 /* Assets.xcassets */,
				2A59B8BD28F7EEFE00A5C474 /* Preview Content */,
			);
			path = InstutitApp;
			sourceTree = "<group>";
		};
		2A59B8BD28F7EEFE00A5C474 /* Preview Content */ = {
			isa = PBXGroup;
			children = (
				2A59B8BE28F7EEFE00A5C474 /* Preview Assets.xcassets */,
			);
			path = "Preview Content";
			sourceTree = "<group>";
		};
		2A59B8C728F7EEFE00A5C474 /* InstutitAppTests */ = {
			isa = PBXGroup;
			children = (
				2A59B8C828F7EEFE00A5C474 /* InstutitAppTests.swift */,
			);
			path = InstutitAppTests;
			sourceTree = "<group>";
		};
		2A59B8D128F7EEFE00A5C474 /* InstutitAppUITests */ = {
			isa = PBXGroup;
			children = (
				2A59B8D228F7EEFE00A5C474 /* InstutitAppUITests.swift */,
				2A59B8D428F7EEFE00A5C474 /* InstutitAppUITestsLaunchTests.swift */,
			);
			path = InstutitAppUITests;
			sourceTree = "<group>";
		};
		2A59B8E128F7EF3300A5C474 /* View */ = {
			isa = PBXGroup;
			children = (
				2A59B8B928F7EEFC00A5C474 /* ContentView.swift */,
				2A59B8E228F7EF5500A5C474 /* Home.swift */,
				2A59B8E428F7EF8D00A5C474 /* About.swift */,
				2A59B8E728F7EFB400A5C474 /* Main.swift */,
				2A59B8E928F7FE7400A5C474 /* Love.swift */,
				2AD7511C28F826A70066C517 /* CourseView.swift */,
				2AD7511E28F8292B0066C517 /* CoursesView.swift */,
				2A8A8B1228FA89C0005A3176 /* DetailView.swift */,
				2A83CBC429014F3F009E624E /* CustomImageView.swift */,
				2A90C8202906875B0015D143 /* ImageView.swift */,
			);
			path = View;
			sourceTree = "<group>";
		};
		2A59B8EB28F80F7800A5C474 /* ComponentView */ = {
			isa = PBXGroup;
			children = (
				2A59B8EC28F80F9700A5C474 /* ScrollViewComponent.swift */,
				2A59B8F128F8120300A5C474 /* FooterView.swift */,
				2A59B8F328F8126500A5C474 /* TabViewComponent.swift */,
				2A8A8B1428FAABA2005A3176 /* CustomTabBarView.swift */,
			);
			path = ComponentView;
			sourceTree = "<group>";
		};
		2A59B8EE28F8108200A5C474 /* Model */ = {
			isa = PBXGroup;
			children = (
				2A59B8EF28F8109B00A5C474 /* ScrollViewModel.swift */,
				2A59B8F528F8138E00A5C474 /* SliderModel.swift */,
				2A2601FF2906D46600A0ACF2 /* CourseCatsModel.swift */,
				2A2602032906E0A800A0ACF2 /* CoursesModel.swift */,
				2A39A5CA2908019400C4C9DE /* DetailModel.swift */,
			);
			path = Model;
			sourceTree = "<group>";
		};
		2A8A734E28FEC8A900656D0D /* ViewModel */ = {
			isa = PBXGroup;
			children = (
				2A8A734F28FEC8CE00656D0D /* SliderViewModel.swift */,
				2A90C8222906879E0015D143 /* ImageViewModel.swift */,
				2A39A5CC290801CD00C4C9DE /* DetailsViewModel.swift */,
				2A2602012906D66100A0ACF2 /* CoursesCatViewModel.swift */,
				2A2602052906E10B00A0ACF2 /* CoursesViewModel.swift */,
			);
			path = ViewModel;
			sourceTree = "<group>";
		};
/* End PBXGroup section */

/* Begin PBXNativeTarget section */
		2A59B8B328F7EEFC00A5C474 /* InstutitApp */ = {
			isa = PBXNativeTarget;
			buildConfigurationList = 2A59B8D828F7EEFE00A5C474 /* Build configuration list for PBXNativeTarget "InstutitApp" */;
			buildPhases = (
				2A59B8B028F7EEFC00A5C474 /* Sources */,
				2A59B8B128F7EEFC00A5C474 /* Frameworks */,
				2A59B8B228F7EEFC00A5C474 /* Resources */,
			);
			buildRules = (
			);
			dependencies = (
			);
			name = InstutitApp;
			packageProductDependencies = (
				2A8C51EC28FEE96800795404 /* SwiftyJSON */,
				2A157B1728FFEA6A00236AEF /* SwiftyJSON */,
				2A83CBC229013490009E624E /* Alamofire */,
			);
			productName = InstutitApp;
			productReference = 2A59B8B428F7EEFC00A5C474 /* InstutitApp.app */;
			productType = "com.apple.product-type.application";
		};
		2A59B8C328F7EEFE00A5C474 /* InstutitAppTests */ = {
			isa = PBXNativeTarget;
			buildConfigurationList = 2A59B8DB28F7EEFE00A5C474 /* Build configuration list for PBXNativeTarget "InstutitAppTests" */;
			buildPhases = (
				2A59B8C028F7EEFE00A5C474 /* Sources */,
				2A59B8C128F7EEFE00A5C474 /* Frameworks */,
				2A59B8C228F7EEFE00A5C474 /* Resources */,
			);
			buildRules = (
			);
			dependencies = (
				2A59B8C628F7EEFE00A5C474 /* PBXTargetDependency */,
			);
			name = InstutitAppTests;
			productName = InstutitAppTests;
			productReference = 2A59B8C428F7EEFE00A5C474 /* InstutitAppTests.xctest */;
			productType = "com.apple.product-type.bundle.unit-test";
		};
		2A59B8CD28F7EEFE00A5C474 /* InstutitAppUITests */ = {
			isa = PBXNativeTarget;
			buildConfigurationList = 2A59B8DE28F7EEFE00A5C474 /* Build configuration list for PBXNativeTarget "InstutitAppUITests" */;
			buildPhases = (
				2A59B8CA28F7EEFE00A5C474 /* Sources */,
				2A59B8CB28F7EEFE00A5C474 /* Frameworks */,
				2A59B8CC28F7EEFE00A5C474 /* Resources */,
			);
			buildRules = (
			);
			dependencies = (
				2A59B8D028F7EEFE00A5C474 /* PBXTargetDependency */,
			);
			name = InstutitAppUITests;
			productName = InstutitAppUITests;
			productReference = 2A59B8CE28F7EEFE00A5C474 /* InstutitAppUITests.xctest */;
			productType = "com.apple.product-type.bundle.ui-testing";
		};
/* End PBXNativeTarget section */

/* Begin PBXProject section */
		2A59B8AC28F7EEFB00A5C474 /* Project object */ = {
			isa = PBXProject;
			attributes = {
				BuildIndependentTargetsInParallel = 1;
				LastSwiftUpdateCheck = 1340;
				LastUpgradeCheck = 1340;
				TargetAttributes = {
					2A59B8B328F7EEFC00A5C474 = {
						CreatedOnToolsVersion = 13.4.1;
					};
					2A59B8C328F7EEFE00A5C474 = {
						CreatedOnToolsVersion = 13.4.1;
						TestTargetID = 2A59B8B328F7EEFC00A5C474;
					};
					2A59B8CD28F7EEFE00A5C474 = {
						CreatedOnToolsVersion = 13.4.1;
						TestTargetID = 2A59B8B328F7EEFC00A5C474;
					};
				};
			};
			buildConfigurationList = 2A59B8AF28F7EEFB00A5C474 /* Build configuration list for PBXProject "InstutitApp" */;
			compatibilityVersion = "Xcode 13.0";
			developmentRegion = en;
			hasScannedForEncodings = 0;
			knownRegions = (
				en,
				Base,
			);
			mainGroup = 2A59B8AB28F7EEFB00A5C474;
			packageReferences = (
				2A8C51EB28FEE96800795404 /* XCRemoteSwiftPackageReference "SwiftyJSON" */,
				2A157B1628FFEA6A00236AEF /* XCRemoteSwiftPackageReference "SwiftyJSON" */,
				2A83CBC12901348F009E624E /* XCRemoteSwiftPackageReference "Alamofire" */,
			);
			productRefGroup = 2A59B8B528F7EEFC00A5C474 /* Products */;
			projectDirPath = "";
			projectRoot = "";
			targets = (
				2A59B8B328F7EEFC00A5C474 /* InstutitApp */,
				2A59B8C328F7EEFE00A5C474 /* InstutitAppTests */,
				2A59B8CD28F7EEFE00A5C474 /* InstutitAppUITests */,
			);
		};
/* End PBXProject section */

/* Begin PBXResourcesBuildPhase section */
		2A59B8B228F7EEFC00A5C474 /* Resources */ = {
			isa = PBXResourcesBuildPhase;
			buildActionMask = 2147483647;
			files = (
				2A59B8BF28F7EEFE00A5C474 /* Preview Assets.xcassets in Resources */,
				2A59B8BC28F7EEFE00A5C474 /* Assets.xcassets in Resources */,
			);
			runOnlyForDeploymentPostprocessing = 0;
		};
		2A59B8C228F7EEFE00A5C474 /* Resources */ = {
			isa = PBXResourcesBuildPhase;
			buildActionMask = 2147483647;
			files = (
			);
			runOnlyForDeploymentPostprocessing = 0;
		};
		2A59B8CC28F7EEFE00A5C474 /* Resources */ = {
			isa = PBXResourcesBuildPhase;
			buildActionMask = 2147483647;
			files = (
			);
			runOnlyForDeploymentPostprocessing = 0;
		};
/* End PBXResourcesBuildPhase section */

/* Begin PBXSourcesBuildPhase section */
		2A59B8B028F7EEFC00A5C474 /* Sources */ = {
			isa = PBXSourcesBuildPhase;
			buildActionMask = 2147483647;
			files = (
				2A90C8232906879E0015D143 /* ImageViewModel.swift in Sources */,
				2A2602002906D46600A0ACF2 /* CourseCatsModel.swift in Sources */,
				2A90C8212906875B0015D143 /* ImageView.swift in Sources */,
				2A59B8E828F7EFB400A5C474 /* Main.swift in Sources */,
				2A59B8ED28F80F9700A5C474 /* ScrollViewComponent.swift in Sources */,
				2A59B8BA28F7EEFC00A5C474 /* ContentView.swift in Sources */,
				2A8A8B1328FA89C0005A3176 /* DetailView.swift in Sources */,
				2A59B8F228F8120300A5C474 /* FooterView.swift in Sources */,
				2A59B8F428F8126500A5C474 /* TabViewComponent.swift in Sources */,
				2A8A8B1528FAABA3005A3176 /* CustomTabBarView.swift in Sources */,
				2AD7511F28F8292B0066C517 /* CoursesView.swift in Sources */,
				2A39A5CD290801CD00C4C9DE /* DetailsViewModel.swift in Sources */,
				2A59B8F028F8109B00A5C474 /* ScrollViewModel.swift in Sources */,
				2A2602022906D66100A0ACF2 /* CoursesCatViewModel.swift in Sources */,
				2A59B8E528F7EF8D00A5C474 /* About.swift in Sources */,
				2A59B8EA28F7FE7500A5C474 /* Love.swift in Sources */,
				2AD7511D28F826A70066C517 /* CourseView.swift in Sources */,
				2A2602042906E0A800A0ACF2 /* CoursesModel.swift in Sources */,
				2A59B8F628F8138E00A5C474 /* SliderModel.swift in Sources */,
				2A90C81F2906870C0015D143 /* PhotoViewModelFileManager.swift in Sources */,
				2A59B8E328F7EF5500A5C474 /* Home.swift in Sources */,
				2A28ABC3290524CF00D0FA1F /* CacheStorage.swift in Sources */,
				2A39A5CB2908019400C4C9DE /* DetailModel.swift in Sources */,
				2A2602062906E10B00A0ACF2 /* CoursesViewModel.swift in Sources */,
				2A59B8B828F7EEFC00A5C474 /* InstutitAppApp.swift in Sources */,
				2A83CBC529014F3F009E624E /* CustomImageView.swift in Sources */,
				2A90C8252906A5480015D143 /* PhotoCacheModelView.swift in Sources */,
				2A8A735028FEC8CE00656D0D /* SliderViewModel.swift in Sources */,
			);
			runOnlyForDeploymentPostprocessing = 0;
		};
		2A59B8C028F7EEFE00A5C474 /* Sources */ = {
			isa = PBXSourcesBuildPhase;
			buildActionMask = 2147483647;
			files = (
				2A59B8C928F7EEFE00A5C474 /* InstutitAppTests.swift in Sources */,
			);
			runOnlyForDeploymentPostprocessing = 0;
		};
		2A59B8CA28F7EEFE00A5C474 /* Sources */ = {
			isa = PBXSourcesBuildPhase;
			buildActionMask = 2147483647;
			files = (
				2A59B8D528F7EEFE00A5C474 /* InstutitAppUITestsLaunchTests.swift in Sources */,
				2A59B8D328F7EEFE00A5C474 /* InstutitAppUITests.swift in Sources */,
			);
			runOnlyForDeploymentPostprocessing = 0;
		};
/* End PBXSourcesBuildPhase section */

/* Begin PBXTargetDependency section */
		2A59B8C628F7EEFE00A5C474 /* PBXTargetDependency */ = {
			isa = PBXTargetDependency;
			target = 2A59B8B328F7EEFC00A5C474 /* InstutitApp */;
			targetProxy = 2A59B8C528F7EEFE00A5C474 /* PBXContainerItemProxy */;
		};
		2A59B8D028F7EEFE00A5C474 /* PBXTargetDependency */ = {
			isa = PBXTargetDependency;
			target = 2A59B8B328F7EEFC00A5C474 /* InstutitApp */;
			targetProxy = 2A59B8CF28F7EEFE00A5C474 /* PBXContainerItemProxy */;
		};
/* End PBXTargetDependency section */

/* Begin XCBuildConfiguration section */
		2A59B8D628F7EEFE00A5C474 /* Debug */ = {
			isa = XCBuildConfiguration;
			buildSettings = {
				ALWAYS_SEARCH_USER_PATHS = NO;
				CLANG_ANALYZER_NONNULL = YES;
				CLANG_ANALYZER_NUMBER_OBJECT_CONVERSION = YES_AGGRESSIVE;
				CLANG_CXX_LANGUAGE_STANDARD = "gnu++17";
				CLANG_ENABLE_MODULES = YES;
				CLANG_ENABLE_OBJC_ARC = YES;
				CLANG_ENABLE_OBJC_WEAK = YES;
				CLANG_WARN_BLOCK_CAPTURE_AUTORELEASING = YES;
				CLANG_WARN_BOOL_CONVERSION = YES;
				CLANG_WARN_COMMA = YES;
				CLANG_WARN_CONSTANT_CONVERSION = YES;
				CLANG_WARN_DEPRECATED_OBJC_IMPLEMENTATIONS = YES;
				CLANG_WARN_DIRECT_OBJC_ISA_USAGE = YES_ERROR;
				CLANG_WARN_DOCUMENTATION_COMMENTS = YES;
				CLANG_WARN_EMPTY_BODY = YES;
				CLANG_WARN_ENUM_CONVERSION = YES;
				CLANG_WARN_INFINITE_RECURSION = YES;
				CLANG_WARN_INT_CONVERSION = YES;
				CLANG_WARN_NON_LITERAL_NULL_CONVERSION = YES;
				CLANG_WARN_OBJC_IMPLICIT_RETAIN_SELF = YES;
				CLANG_WARN_OBJC_LITERAL_CONVERSION = YES;
				CLANG_WARN_OBJC_ROOT_CLASS = YES_ERROR;
				CLANG_WARN_QUOTED_INCLUDE_IN_FRAMEWORK_HEADER = YES;
				CLANG_WARN_RANGE_LOOP_ANALYSIS = YES;
				CLANG_WARN_STRICT_PROTOTYPES = YES;
				CLANG_WARN_SUSPICIOUS_MOVE = YES;
				CLANG_WARN_UNGUARDED_AVAILABILITY = YES_AGGRESSIVE;
				CLANG_WARN_UNREACHABLE_CODE = YES;
				CLANG_WARN__DUPLICATE_METHOD_MATCH = YES;
				COPY_PHASE_STRIP = NO;
				DEBUG_INFORMATION_FORMAT = dwarf;
				ENABLE_STRICT_OBJC_MSGSEND = YES;
				ENABLE_TESTABILITY = YES;
				GCC_C_LANGUAGE_STANDARD = gnu11;
				GCC_DYNAMIC_NO_PIC = NO;
				GCC_NO_COMMON_BLOCKS = YES;
				GCC_OPTIMIZATION_LEVEL = 0;
				GCC_PREPROCESSOR_DEFINITIONS = (
					"DEBUG=1",
					"$(inherited)",
				);
				GCC_WARN_64_TO_32_BIT_CONVERSION = YES;
				GCC_WARN_ABOUT_RETURN_TYPE = YES_ERROR;
				GCC_WARN_UNDECLARED_SELECTOR = YES;
				GCC_WARN_UNINITIALIZED_AUTOS = YES_AGGRESSIVE;
				GCC_WARN_UNUSED_FUNCTION = YES;
				GCC_WARN_UNUSED_VARIABLE = YES;
				IPHONEOS_DEPLOYMENT_TARGET = 15.5;
				MTL_ENABLE_DEBUG_INFO = INCLUDE_SOURCE;
				MTL_FAST_MATH = YES;
				ONLY_ACTIVE_ARCH = YES;
				SDKROOT = iphoneos;
				SWIFT_ACTIVE_COMPILATION_CONDITIONS = DEBUG;
				SWIFT_OPTIMIZATION_LEVEL = "-Onone";
			};
			name = Debug;
		};
		2A59B8D728F7EEFE00A5C474 /* Release */ = {
			isa = XCBuildConfiguration;
			buildSettings = {
				ALWAYS_SEARCH_USER_PATHS = NO;
				CLANG_ANALYZER_NONNULL = YES;
				CLANG_ANALYZER_NUMBER_OBJECT_CONVERSION = YES_AGGRESSIVE;
				CLANG_CXX_LANGUAGE_STANDARD = "gnu++17";
				CLANG_ENABLE_MODULES = YES;
				CLANG_ENABLE_OBJC_ARC = YES;
				CLANG_ENABLE_OBJC_WEAK = YES;
				CLANG_WARN_BLOCK_CAPTURE_AUTORELEASING = YES;
				CLANG_WARN_BOOL_CONVERSION = YES;
				CLANG_WARN_COMMA = YES;
				CLANG_WARN_CONSTANT_CONVERSION = YES;
				CLANG_WARN_DEPRECATED_OBJC_IMPLEMENTATIONS = YES;
				CLANG_WARN_DIRECT_OBJC_ISA_USAGE = YES_ERROR;
				CLANG_WARN_DOCUMENTATION_COMMENTS = YES;
				CLANG_WARN_EMPTY_BODY = YES;
				CLANG_WARN_ENUM_CONVERSION = YES;
				CLANG_WARN_INFINITE_RECURSION = YES;
				CLANG_WARN_INT_CONVERSION = YES;
				CLANG_WARN_NON_LITERAL_NULL_CONVERSION = YES;
				CLANG_WARN_OBJC_IMPLICIT_RETAIN_SELF = YES;
				CLANG_WARN_OBJC_LITERAL_CONVERSION = YES;
				CLANG_WARN_OBJC_ROOT_CLASS = YES_ERROR;
				CLANG_WARN_QUOTED_INCLUDE_IN_FRAMEWORK_HEADER = YES;
				CLANG_WARN_RANGE_LOOP_ANALYSIS = YES;
				CLANG_WARN_STRICT_PROTOTYPES = YES;
				CLANG_WARN_SUSPICIOUS_MOVE = YES;
				CLANG_WARN_UNGUARDED_AVAILABILITY = YES_AGGRESSIVE;
				CLANG_WARN_UNREACHABLE_CODE = YES;
				CLANG_WARN__DUPLICATE_METHOD_MATCH = YES;
				COPY_PHASE_STRIP = NO;
				DEBUG_INFORMATION_FORMAT = "dwarf-with-dsym";
				ENABLE_NS_ASSERTIONS = NO;
				ENABLE_STRICT_OBJC_MSGSEND = YES;
				GCC_C_LANGUAGE_STANDARD = gnu11;
				GCC_NO_COMMON_BLOCKS = YES;
				GCC_WARN_64_TO_32_BIT_CONVERSION = YES;
				GCC_WARN_ABOUT_RETURN_TYPE = YES_ERROR;
				GCC_WARN_UNDECLARED_SELECTOR = YES;
				GCC_WARN_UNINITIALIZED_AUTOS = YES_AGGRESSIVE;
				GCC_WARN_UNUSED_FUNCTION = YES;
				GCC_WARN_UNUSED_VARIABLE = YES;
				IPHONEOS_DEPLOYMENT_TARGET = 15.5;
				MTL_ENABLE_DEBUG_INFO = NO;
				MTL_FAST_MATH = YES;
				SDKROOT = iphoneos;
				SWIFT_COMPILATION_MODE = wholemodule;
				SWIFT_OPTIMIZATION_LEVEL = "-O";
				VALIDATE_PRODUCT = YES;
			};
			name = Release;
		};
		2A59B8D928F7EEFE00A5C474 /* Debug */ = {
			isa = XCBuildConfiguration;
			buildSettings = {
				ASSETCATALOG_COMPILER_APPICON_NAME = AppIcon;
				ASSETCATALOG_COMPILER_GLOBAL_ACCENT_COLOR_NAME = AccentColor;
				CODE_SIGN_STYLE = Automatic;
				CURRENT_PROJECT_VERSION = 1;
				DEVELOPMENT_ASSET_PATHS = "\"InstutitApp/Preview Content\"";
				DEVELOPMENT_TEAM = 9JRM3SAZ2F;
				ENABLE_PREVIEWS = YES;
				GENERATE_INFOPLIST_FILE = YES;
				INFOPLIST_FILE = InstutitApp/Info.plist;
				INFOPLIST_KEY_LSApplicationCategoryType = NO;
				INFOPLIST_KEY_UIApplicationSceneManifest_Generation = YES;
				INFOPLIST_KEY_UIApplicationSupportsIndirectInputEvents = YES;
				INFOPLIST_KEY_UILaunchScreen_Generation = YES;
				INFOPLIST_KEY_UISupportedInterfaceOrientations_iPad = "UIInterfaceOrientationPortrait UIInterfaceOrientationPortraitUpsideDown UIInterfaceOrientationLandscapeLeft UIInterfaceOrientationLandscapeRight";
				INFOPLIST_KEY_UISupportedInterfaceOrientations_iPhone = "UIInterfaceOrientationPortrait UIInterfaceOrientationLandscapeLeft UIInterfaceOrientationLandscapeRight";
				LD_RUNPATH_SEARCH_PATHS = (
					"$(inherited)",
					"@executable_path/Frameworks",
				);
				MARKETING_VERSION = 1.0;
				PRODUCT_BUNDLE_IDENTIFIER = hazemsmawy.InstutitApp;
				PRODUCT_NAME = "$(TARGET_NAME)";
				SWIFT_EMIT_LOC_STRINGS = YES;
				SWIFT_VERSION = 5.0;
				TARGETED_DEVICE_FAMILY = "1,2";
			};
			name = Debug;
		};
		2A59B8DA28F7EEFE00A5C474 /* Release */ = {
			isa = XCBuildConfiguration;
			buildSettings = {
				ASSETCATALOG_COMPILER_APPICON_NAME = AppIcon;
				ASSETCATALOG_COMPILER_GLOBAL_ACCENT_COLOR_NAME = AccentColor;
				CODE_SIGN_STYLE = Automatic;
				CURRENT_PROJECT_VERSION = 1;
				DEVELOPMENT_ASSET_PATHS = "\"InstutitApp/Preview Content\"";
				DEVELOPMENT_TEAM = 9JRM3SAZ2F;
				ENABLE_PREVIEWS = YES;
				GENERATE_INFOPLIST_FILE = YES;
				INFOPLIST_FILE = InstutitApp/Info.plist;
				INFOPLIST_KEY_LSApplicationCategoryType = NO;
				INFOPLIST_KEY_UIApplicationSceneManifest_Generation = YES;
				INFOPLIST_KEY_UIApplicationSupportsIndirectInputEvents = YES;
				INFOPLIST_KEY_UILaunchScreen_Generation = YES;
				INFOPLIST_KEY_UISupportedInterfaceOrientations_iPad = "UIInterfaceOrientationPortrait UIInterfaceOrientationPortraitUpsideDown UIInterfaceOrientationLandscapeLeft UIInterfaceOrientationLandscapeRight";
				INFOPLIST_KEY_UISupportedInterfaceOrientations_iPhone = "UIInterfaceOrientationPortrait UIInterfaceOrientationLandscapeLeft UIInterfaceOrientationLandscapeRight";
				LD_RUNPATH_SEARCH_PATHS = (
					"$(inherited)",
					"@executable_path/Frameworks",
				);
				MARKETING_VERSION = 1.0;
				PRODUCT_BUNDLE_IDENTIFIER = hazemsmawy.InstutitApp;
				PRODUCT_NAME = "$(TARGET_NAME)";
				SWIFT_EMIT_LOC_STRINGS = YES;
				SWIFT_VERSION = 5.0;
				TARGETED_DEVICE_FAMILY = "1,2";
			};
			name = Release;
		};
		2A59B8DC28F7EEFE00A5C474 /* Debug */ = {
			isa = XCBuildConfiguration;
			buildSettings = {
				ALWAYS_EMBED_SWIFT_STANDARD_LIBRARIES = YES;
				BUNDLE_LOADER = "$(TEST_HOST)";
				CODE_SIGN_STYLE = Automatic;
				CURRENT_PROJECT_VERSION = 1;
				DEVELOPMENT_TEAM = 9JRM3SAZ2F;
				GENERATE_INFOPLIST_FILE = YES;
				IPHONEOS_DEPLOYMENT_TARGET = 15.5;
				MARKETING_VERSION = 1.0;
				PRODUCT_BUNDLE_IDENTIFIER = hazemsmawy.InstutitAppTests;
				PRODUCT_NAME = "$(TARGET_NAME)";
				SWIFT_EMIT_LOC_STRINGS = NO;
				SWIFT_VERSION = 5.0;
				TARGETED_DEVICE_FAMILY = "1,2";
				TEST_HOST = "$(BUILT_PRODUCTS_DIR)/InstutitApp.app/InstutitApp";
			};
			name = Debug;
		};
		2A59B8DD28F7EEFE00A5C474 /* Release */ = {
			isa = XCBuildConfiguration;
			buildSettings = {
				ALWAYS_EMBED_SWIFT_STANDARD_LIBRARIES = YES;
				BUNDLE_LOADER = "$(TEST_HOST)";
				CODE_SIGN_STYLE = Automatic;
				CURRENT_PROJECT_VERSION = 1;
				DEVELOPMENT_TEAM = 9JRM3SAZ2F;
				GENERATE_INFOPLIST_FILE = YES;
				IPHONEOS_DEPLOYMENT_TARGET = 15.5;
				MARKETING_VERSION = 1.0;
				PRODUCT_BUNDLE_IDENTIFIER = hazemsmawy.InstutitAppTests;
				PRODUCT_NAME = "$(TARGET_NAME)";
				SWIFT_EMIT_LOC_STRINGS = NO;
				SWIFT_VERSION = 5.0;
				TARGETED_DEVICE_FAMILY = "1,2";
				TEST_HOST = "$(BUILT_PRODUCTS_DIR)/InstutitApp.app/InstutitApp";
			};
			name = Release;
		};
		2A59B8DF28F7EEFE00A5C474 /* Debug */ = {
			isa = XCBuildConfiguration;
			buildSettings = {
				ALWAYS_EMBED_SWIFT_STANDARD_LIBRARIES = YES;
				CODE_SIGN_STYLE = Automatic;
				CURRENT_PROJECT_VERSION = 1;
				DEVELOPMENT_TEAM = 9JRM3SAZ2F;
				GENERATE_INFOPLIST_FILE = YES;
				MARKETING_VERSION = 1.0;
				PRODUCT_BUNDLE_IDENTIFIER = hazemsmawy.InstutitAppUITests;
				PRODUCT_NAME = "$(TARGET_NAME)";
				SWIFT_EMIT_LOC_STRINGS = NO;
				SWIFT_VERSION = 5.0;
				TARGETED_DEVICE_FAMILY = "1,2";
				TEST_TARGET_NAME = InstutitApp;
			};
			name = Debug;
		};
		2A59B8E028F7EEFE00A5C474 /* Release */ = {
			isa = XCBuildConfiguration;
			buildSettings = {
				ALWAYS_EMBED_SWIFT_STANDARD_LIBRARIES = YES;
				CODE_SIGN_STYLE = Automatic;
				CURRENT_PROJECT_VERSION = 1;
				DEVELOPMENT_TEAM = 9JRM3SAZ2F;
				GENERATE_INFOPLIST_FILE = YES;
				MARKETING_VERSION = 1.0;
				PRODUCT_BUNDLE_IDENTIFIER = hazemsmawy.InstutitAppUITests;
				PRODUCT_NAME = "$(TARGET_NAME)";
				SWIFT_EMIT_LOC_STRINGS = NO;
				SWIFT_VERSION = 5.0;
				TARGETED_DEVICE_FAMILY = "1,2";
				TEST_TARGET_NAME = InstutitApp;
			};
			name = Release;
		};
/* End XCBuildConfiguration section */

/* Begin XCConfigurationList section */
		2A59B8AF28F7EEFB00A5C474 /* Build configuration list for PBXProject "InstutitApp" */ = {
			isa = XCConfigurationList;
			buildConfigurations = (
				2A59B8D628F7EEFE00A5C474 /* Debug */,
				2A59B8D728F7EEFE00A5C474 /* Release */,
			);
			defaultConfigurationIsVisible = 0;
			defaultConfigurationName = Release;
		};
		2A59B8D828F7EEFE00A5C474 /* Build configuration list for PBXNativeTarget "InstutitApp" */ = {
			isa = XCConfigurationList;
			buildConfigurations = (
				2A59B8D928F7EEFE00A5C474 /* Debug */,
				2A59B8DA28F7EEFE00A5C474 /* Release */,
			);
			defaultConfigurationIsVisible = 0;
			defaultConfigurationName = Release;
		};
		2A59B8DB28F7EEFE00A5C474 /* Build configuration list for PBXNativeTarget "InstutitAppTests" */ = {
			isa = XCConfigurationList;
			buildConfigurations = (
				2A59B8DC28F7EEFE00A5C474 /* Debug */,
				2A59B8DD28F7EEFE00A5C474 /* Release */,
			);
			defaultConfigurationIsVisible = 0;
			defaultConfigurationName = Release;
		};
		2A59B8DE28F7EEFE00A5C474 /* Build configuration list for PBXNativeTarget "InstutitAppUITests" */ = {
			isa = XCConfigurationList;
			buildConfigurations = (
				2A59B8DF28F7EEFE00A5C474 /* Debug */,
				2A59B8E028F7EEFE00A5C474 /* Release */,
			);
			defaultConfigurationIsVisible = 0;
			defaultConfigurationName = Release;
		};
/* End XCConfigurationList section */

/* Begin XCRemoteSwiftPackageReference section */
		2A157B1628FFEA6A00236AEF /* XCRemoteSwiftPackageReference "SwiftyJSON" */ = {
			isa = XCRemoteSwiftPackageReference;
			repositoryURL = "https://github.com/SwiftyJSON/SwiftyJSON.git";
			requirement = {
				branch = master;
				kind = branch;
			};
		};
		2A83CBC12901348F009E624E /* XCRemoteSwiftPackageReference "Alamofire" */ = {
			isa = XCRemoteSwiftPackageReference;
			repositoryURL = "https://github.com/Alamofire/Alamofire.git";
			requirement = {
				kind = upToNextMajorVersion;
				minimumVersion = 5.0.0;
			};
		};
		2A8C51EB28FEE96800795404 /* XCRemoteSwiftPackageReference "SwiftyJSON" */ = {
			isa = XCRemoteSwiftPackageReference;
			repositoryURL = "https://github.com/SwiftyJSON/SwiftyJSON.git";
			requirement = {
				kind = upToNextMajorVersion;
				minimumVersion = 5.0.0;
			};
		};
/* End XCRemoteSwiftPackageReference section */

/* Begin XCSwiftPackageProductDependency section */
		2A157B1728FFEA6A00236AEF /* SwiftyJSON */ = {
			isa = XCSwiftPackageProductDependency;
			package = 2A157B1628FFEA6A00236AEF /* XCRemoteSwiftPackageReference "SwiftyJSON" */;
			productName = SwiftyJSON;
		};
		2A83CBC229013490009E624E /* Alamofire */ = {
			isa = XCSwiftPackageProductDependency;
			package = 2A83CBC12901348F009E624E /* XCRemoteSwiftPackageReference "Alamofire" */;
			productName = Alamofire;
		};
		2A8C51EC28FEE96800795404 /* SwiftyJSON */ = {
			isa = XCSwiftPackageProductDependency;
			package = 2A8C51EB28FEE96800795404 /* XCRemoteSwiftPackageReference "SwiftyJSON" */;
			productName = SwiftyJSON;
		};
/* End XCSwiftPackageProductDependency section */
	};
	rootObject = 2A59B8AC28F7EEFB00A5C474 /* Project object */;
}
